buf.build/gen/go/bufbuild/protovalidate/protocolbuffers/go v1.36.11-20260209202127-80ab13bee0bf.1 h1:PMmTMyvHScV9Mn8wc6ASge9uRcHy0jtqPd+fM35LmsQ=
buf.build/gen/go/bufbuild/protovalidate/protocolbuffers/go v1.36.11-20260209202127-80ab13bee0bf.1/go.mod h1:tvtbpgaVXZX4g6Pn+AnzFycuRK3MOz5HJfEGeEllXYM=
github.com/google/go-cmp v0.7.0 h1:wk8382ETsv4JYUZwIsn6YpYiWiBsYLSJiTsyBybVuN8=
github.com/google/go-cmp v0.7.0/go.mod h1:pXiqmnSA92OHEEa9HXL2W4E7lf9JzCmGVUdgjX3N/iU=
github.com/grpc-ecosystem/grpc-gateway/v2 v2.28.0 h1:HWRh5R2+9EifMyIHV7ZV+MIZqgz+PMpZ14Jynv3O2Zs=
github.com/grpc-ecosystem/grpc-gateway/v2 v2.28.0/go.mod h1:JfhWUomR1baixubs02l85lZYYOm7LV6om4ceouMv45c=
google.golang.org/genproto/googleapis/api v0.0.0-20260316172706-e463d84ca32d h1:RdWlPmVySdTF0IBIZzvZJvSD0ZocPBNUsnE+uGBxj+4=
google.golang.org/genproto/googleapis/api v0.0.0-20260316172706-e463d84ca32d/go.mod h1:X2gu9Qwng7Nn009s/r3RUxqkzQNqOrAy79bluY7ojIg=
google.golang.org/protobuf v1.36.11 h1:fV6ZwhNocDyBLK0dj+fg8ektcVegBBuEolpbTQyBNVE=
google.golang.org/protobuf v1.36.11/go.mod h1:HTf+CrKn2C3g5S8VImy6tdcUvCska2kB7j23XfzDpco=
